<Solution>
  <Folder Name="/Libraries/" />
  <Folder Name="/Libraries/ILUtils/">
    <Project Path="lib/ILUtils/src/ILUtils/ILUtils.csproj" />
  </Folder>
  <Folder Name="/Mod Docs + Icon/">
    <File Path="docs/CHANGELOG.md" />
    <File Path="docs/LICENSE.md" />
    <File Path="docs/README.md" />
    <File Path="docs/icon.png" />
  </Folder>
  <Project Path="src/ThunderstorePackager/ThunderstorePackager.csproj" />
  <Project Path="src/LCUtils/LCUtils.csproj" />
</Solution>
